
Microsoft Visual Studio Solution File, Format Version 12.00
# Visual Studio Version 17
VisualStudioVersion = 17.8.34511.84
MinimumVisualStudioVersion = 10.0.40219.1
Project("{FAE04EC0-301F-11D3-BF4B-00C04F79EFBC}") = "fizz-buzz", "fizz-buzz\fizz-buzz.csproj", "{DA18BFA9-84D1-4B07-AF7A-4E9481B3608A}"
EndProject
Global
	GlobalSection(SolutionConfigurationPlatforms) = preSolution
		Debug|Any CPU = Debug|Any CPU
		Release|Any CPU = Release|Any CPU
	EndGlobalSection
	GlobalSection(ProjectConfigurationPlatforms) = postSolution
		{DA18BFA9-84D1-4B07-AF7A-4E9481B3608A}.Debug|Any CPU.ActiveCfg = Debug|Any CPU
		{DA18BFA9-84D1-4B07-AF7A-4E9481B3608A}.Debug|Any CPU.Build.0 = Debug|Any CPU
		{DA18BFA9-84D1-4B07-AF7A-4E9481B3608A}.Release|Any CPU.ActiveCfg = Release|Any CPU
		{DA18BFA9-84D1-4B07-AF7A-4E9481B3608A}.Release|Any CPU.Build.0 = Release|Any CPU
	EndGlobalSection
	GlobalSection(SolutionProperties) = preSolution
		HideSolutionNode = FALSE
	EndGlobalSection
	GlobalSection(ExtensibilityGlobals) = postSolution
		SolutionGuid = {15E47601-45B0-406A-B7DE-4362CE12C268}
	EndGlobalSection
EndGlobal
